
Microsoft Visual Studio Solution File, Format Version 12.00
# Visual Studio 15
Project("{FAE04EC0-301F-11D3-BF4B-00C04F79EFBC}") = "Assembly-CSharp", "Assembly-CSharp.csproj", "{7BD84CF7-6A4D-C71C-A0B1-65A230E4500B}"
EndProject
Project("{FAE04EC0-301F-11D3-BF4B-00C04F79EFBC}") = "Assembly-CSharp-Editor", "Assembly-CSharp-Editor.csproj", "{64EB44BD-0881-243C-0683-C9A60DFAAE27}"
EndProject
Global
	GlobalSection(SolutionConfigurationPlatforms) = preSolution
		Debug|Any CPU = Debug|Any CPU
		Release|Any CPU = Release|Any CPU
	EndGlobalSection
	GlobalSection(ProjectConfigurationPlatforms) = postSolution
		{7BD84CF7-6A4D-C71C-A0B1-65A230E4500B}.Debug|Any CPU.ActiveCfg = Debug|Any CPU
		{7BD84CF7-6A4D-C71C-A0B1-65A230E4500B}.Debug|Any CPU.Build.0 = Debug|Any CPU
		{7BD84CF7-6A4D-C71C-A0B1-65A230E4500B}.Release|Any CPU.ActiveCfg = Release|Any CPU
		{7BD84CF7-6A4D-C71C-A0B1-65A230E4500B}.Release|Any CPU.Build.0 = Release|Any CPU
		{64EB44BD-0881-243C-0683-C9A60DFAAE27}.Debug|Any CPU.ActiveCfg = Debug|Any CPU
		{64EB44BD-0881-243C-0683-C9A60DFAAE27}.Debug|Any CPU.Build.0 = Debug|Any CPU
		{64EB44BD-0881-243C-0683-C9A60DFAAE27}.Release|Any CPU.ActiveCfg = Release|Any CPU
		{64EB44BD-0881-243C-0683-C9A60DFAAE27}.Release|Any CPU.Build.0 = Release|Any CPU
	EndGlobalSection
	GlobalSection(SolutionProperties) = preSolution
		HideSolutionNode = FALSE
	EndGlobalSection
EndGlobal
